
Microsoft Visual Studio Solution File, Format Version 12.00
# Visual Studio 15
VisualStudioVersion = 15.0.28307.168
MinimumVisualStudioVersion = 10.0.40219.1
Project("{9A19103F-16F7-4668-BE54-9A1E7A4F7556}") = "signalr-hub", "signalr-hub\signalr-hub.csproj", "{D22AEBCE-171D-4B22-8E3F-5D5649DE9ECE}"
EndProject
Global
	GlobalSection(SolutionConfigurationPlatforms) = preSolution
		Debug|Any CPU = Debug|Any CPU
		Release|Any CPU = Release|Any CPU
	EndGlobalSection
	GlobalSection(ProjectConfigurationPlatforms) = postSolution
		{D22AEBCE-171D-4B22-8E3F-5D5649DE9ECE}.Debug|Any CPU.ActiveCfg = Debug|Any CPU
		{D22AEBCE-171D-4B22-8E3F-5D5649DE9ECE}.Debug|Any CPU.Build.0 = Debug|Any CPU
		{D22AEBCE-171D-4B22-8E3F-5D5649DE9ECE}.Release|Any CPU.ActiveCfg = Release|Any CPU
		{D22AEBCE-171D-4B22-8E3F-5D5649DE9ECE}.Release|Any CPU.Build.0 = Release|Any CPU
	EndGlobalSection
	GlobalSection(SolutionProperties) = preSolution
		HideSolutionNode = FALSE
	EndGlobalSection
	GlobalSection(ExtensibilityGlobals) = postSolution
		SolutionGuid = {C7AC97AE-280C-4133-A345-B65BA3BF8C73}
	EndGlobalSection
EndGlobal
